// !$*UTF8*$!
{
	archiveVersion = 1;
	classes = {
	};
	objectVersion = 50;
	objects = {

/* Begin PBXBuildFile section */
		877A566E22DCE35F00396936 /* AppDelegate.swift in Sources */ = {isa = PBXBuildFile; fileRef = 877A566D22DCE35F00396936 /* AppDelegate.swift */; };
		877A567022DCE36100396936 /* Assets.xcassets in Resources */ = {isa = PBXBuildFile; fileRef = 877A566F22DCE36100396936 /* Assets.xcassets */; };
		877A567D22DCE39100396936 /* ViewController.swift in Sources */ = {isa = PBXBuildFile; fileRef = 877A567B22DCE39000396936 /* ViewController.swift */; };
		877A567E22DCE39100396936 /* main.swift in Sources */ = {isa = PBXBuildFile; fileRef = 877A567C22DCE39100396936 /* main.swift */; };
		877A569C22DCE49C00396936 /* NotificationCenter.framework in Frameworks */ = {isa = PBXBuildFile; fileRef = 877A569B22DCE49C00396936 /* NotificationCenter.framework */; };
		877A569F22DCE49C00396936 /* TodayViewController.swift in Sources */ = {isa = PBXBuildFile; fileRef = 877A569E22DCE49C00396936 /* TodayViewController.swift */; };
		877A56A622DCE49C00396936 /* InfoPlist.strings in Resources */ = {isa = PBXBuildFile; fileRef = 877A56A422DCE49C00396936 /* InfoPlist.strings */; };
		877A56AA22DCE49C00396936 /* Today.appex in Embed App Extensions */ = {isa = PBXBuildFile; fileRef = 877A569922DCE49C00396936 /* Today.appex */; settings = {ATTRIBUTES = (RemoveHeadersOnCopy, ); }; };
		87BA644D22DDA710003A3282 /* NSViewExtension.swift in Sources */ = {isa = PBXBuildFile; fileRef = 87BA644C22DDA710003A3282 /* NSViewExtension.swift */; };
		87BA644F22DDC515003A3282 /* NSImageExtension.swift in Sources */ = {isa = PBXBuildFile; fileRef = 87BA644E22DDC515003A3282 /* NSImageExtension.swift */; };
		87BA647922DEECE9003A3282 /* SkyLight.framework in Frameworks */ = {isa = PBXBuildFile; fileRef = 87BA647822DEECE9003A3282 /* SkyLight.framework */; };
/* End PBXBuildFile section */

/* Begin PBXContainerItemProxy section */
		877A56A822DCE49C00396936 /* PBXContainerItemProxy */ = {
			isa = PBXContainerItemProxy;
			containerPortal = 877A566222DCE35F00396936 /* Project object */;
			proxyType = 1;
			remoteGlobalIDString = 877A569822DCE49C00396936;
			remoteInfo = Today;
		};
/* End PBXContainerItemProxy section */

/* Begin PBXCopyFilesBuildPhase section */
		877A56AE22DCE49C00396936 /* Embed App Extensions */ = {
			isa = PBXCopyFilesBuildPhase;
			buildActionMask = 2147483647;
			dstPath = "";
			dstSubfolderSpec = 13;
			files = (
				877A56AA22DCE49C00396936 /* Today.appex in Embed App Extensions */,
			);
			name = "Embed App Extensions";
			runOnlyForDeploymentPostprocessing = 0;
		};
/* End PBXCopyFilesBuildPhase section */

/* Begin PBXFileReference section */
		877A566A22DCE35F00396936 /* AppearancesSwitcher.app */ = {isa = PBXFileReference; explicitFileType = wrapper.application; includeInIndex = 0; path = AppearancesSwitcher.app; sourceTree = BUILT_PRODUCTS_DIR; };
		877A566D22DCE35F00396936 /* AppDelegate.swift */ = {isa = PBXFileReference; lastKnownFileType = sourcecode.swift; path = AppDelegate.swift; sourceTree = "<group>"; };
		877A566F22DCE36100396936 /* Assets.xcassets */ = {isa = PBXFileReference; lastKnownFileType = folder.assetcatalog; path = Assets.xcassets; sourceTree = "<group>"; };
		877A567422DCE36100396936 /* Info.plist */ = {isa = PBXFileReference; lastKnownFileType = text.plist.xml; path = Info.plist; sourceTree = "<group>"; };
		877A567522DCE36100396936 /* AppearancesSwitcher.entitlements */ = {isa = PBXFileReference; lastKnownFileType = text.plist.entitlements; path = AppearancesSwitcher.entitlements; sourceTree = "<group>"; };
		877A567B22DCE39000396936 /* ViewController.swift */ = {isa = PBXFileReference; fileEncoding = 4; lastKnownFileType = sourcecode.swift; path = ViewController.swift; sourceTree = "<group>"; };
		877A567C22DCE39100396936 /* main.swift */ = {isa = PBXFileReference; fileEncoding = 4; lastKnownFileType = sourcecode.swift; path = main.swift; sourceTree = "<group>"; };
		877A569922DCE49C00396936 /* Today.appex */ = {isa = PBXFileReference; explicitFileType = "wrapper.app-extension"; includeInIndex = 0; path = Today.appex; sourceTree = BUILT_PRODUCTS_DIR; };
		877A569B22DCE49C00396936 /* NotificationCenter.framework */ = {isa = PBXFileReference; lastKnownFileType = wrapper.framework; name = NotificationCenter.framework; path = System/Library/Frameworks/NotificationCenter.framework; sourceTree = SDKROOT; };
		877A569E22DCE49C00396936 /* TodayViewController.swift */ = {isa = PBXFileReference; lastKnownFileType = sourcecode.swift; path = TodayViewController.swift; sourceTree = "<group>"; };
		877A56A322DCE49C00396936 /* Info.plist */ = {isa = PBXFileReference; lastKnownFileType = text.plist.xml; path = Info.plist; sourceTree = "<group>"; };
		877A56A522DCE49C00396936 /* en */ = {isa = PBXFileReference; lastKnownFileType = text.plist.strings; name = en; path = en.lproj/InfoPlist.strings; sourceTree = "<group>"; };
		877A56A722DCE49C00396936 /* Today.entitlements */ = {isa = PBXFileReference; lastKnownFileType = text.plist.entitlements; path = Today.entitlements; sourceTree = "<group>"; };
		87BA644C22DDA710003A3282 /* NSViewExtension.swift */ = {isa = PBXFileReference; lastKnownFileType = sourcecode.swift; path = NSViewExtension.swift; sourceTree = "<group>"; };
		87BA644E22DDC515003A3282 /* NSImageExtension.swift */ = {isa = PBXFileReference; lastKnownFileType = sourcecode.swift; path = NSImageExtension.swift; sourceTree = "<group>"; };
		87BA645222DDD9E1003A3282 /* Today-Bridging-Header.h */ = {isa = PBXFileReference; lastKnownFileType = sourcecode.c.h; path = "Today-Bridging-Header.h"; sourceTree = "<group>"; };
		87BA647822DEECE9003A3282 /* SkyLight.framework */ = {isa = PBXFileReference; lastKnownFileType = wrapper.framework; name = SkyLight.framework; path = ../../../../System/Library/PrivateFrameworks/SkyLight.framework; sourceTree = "<group>"; };
/* End PBXFileReference section */

/* Begin PBXFrameworksBuildPhase section */
		877A566722DCE35F00396936 /* Frameworks */ = {
			isa = PBXFrameworksBuildPhase;
			buildActionMask = 2147483647;
			files = (
			);
			runOnlyForDeploymentPostprocessing = 0;
		};
		877A569622DCE49C00396936 /* Frameworks */ = {
			isa = PBXFrameworksBuildPhase;
			buildActionMask = 2147483647;
			files = (
				87BA647922DEECE9003A3282 /* SkyLight.framework in Frameworks */,
				877A569C22DCE49C00396936 /* NotificationCenter.framework in Frameworks */,
			);
			runOnlyForDeploymentPostprocessing = 0;
		};
/* End PBXFrameworksBuildPhase section */

/* Begin PBXGroup section */
		877A566122DCE35F00396936 = {
			isa = PBXGroup;
			children = (
				877A566C22DCE35F00396936 /* AppearancesSwitcher */,
				877A569D22DCE49C00396936 /* Today */,
				877A569A22DCE49C00396936 /* Frameworks */,
				877A566B22DCE35F00396936 /* Products */,
			);
			sourceTree = "<group>";
		};
		877A566B22DCE35F00396936 /* Products */ = {
			isa = PBXGroup;
			children = (
				877A566A22DCE35F00396936 /* AppearancesSwitcher.app */,
				877A569922DCE49C00396936 /* Today.appex */,
			);
			name = Products;
			sourceTree = "<group>";
		};
		877A566C22DCE35F00396936 /* AppearancesSwitcher */ = {
			isa = PBXGroup;
			children = (
				877A566D22DCE35F00396936 /* AppDelegate.swift */,
				877A567C22DCE39100396936 /* main.swift */,
				877A567B22DCE39000396936 /* ViewController.swift */,
				877A566F22DCE36100396936 /* Assets.xcassets */,
				877A567422DCE36100396936 /* Info.plist */,
				877A567522DCE36100396936 /* AppearancesSwitcher.entitlements */,
			);
			path = AppearancesSwitcher;
			sourceTree = "<group>";
		};
		877A569A22DCE49C00396936 /* Frameworks */ = {
			isa = PBXGroup;
			children = (
				87BA647822DEECE9003A3282 /* SkyLight.framework */,
				877A569B22DCE49C00396936 /* NotificationCenter.framework */,
			);
			name = Frameworks;
			sourceTree = "<group>";
		};
		877A569D22DCE49C00396936 /* Today */ = {
			isa = PBXGroup;
			children = (
				877A56A322DCE49C00396936 /* Info.plist */,
				877A56A422DCE49C00396936 /* InfoPlist.strings */,
				87BA644E22DDC515003A3282 /* NSImageExtension.swift */,
				87BA644C22DDA710003A3282 /* NSViewExtension.swift */,
				87BA645222DDD9E1003A3282 /* Today-Bridging-Header.h */,
				877A56A722DCE49C00396936 /* Today.entitlements */,
				877A569E22DCE49C00396936 /* TodayViewController.swift */,
			);
			path = Today;
			sourceTree = "<group>";
		};
/* End PBXGroup section */

/* Begin PBXNativeTarget section */
		877A566922DCE35F00396936 /* AppearancesSwitcher */ = {
			isa = PBXNativeTarget;
			buildConfigurationList = 877A567822DCE36100396936 /* Build configuration list for PBXNativeTarget "AppearancesSwitcher" */;
			buildPhases = (
				877A566622DCE35F00396936 /* Sources */,
				877A566722DCE35F00396936 /* Frameworks */,
				877A566822DCE35F00396936 /* Resources */,
				877A56AE22DCE49C00396936 /* Embed App Extensions */,
			);
			buildRules = (
			);
			dependencies = (
				877A56A922DCE49C00396936 /* PBXTargetDependency */,
			);
			name = AppearancesSwitcher;
			productName = AppearancesSwitcher;
			productReference = 877A566A22DCE35F00396936 /* AppearancesSwitcher.app */;
			productType = "com.apple.product-type.application";
		};
		877A569822DCE49C00396936 /* Today */ = {
			isa = PBXNativeTarget;
			buildConfigurationList = 877A56AB22DCE49C00396936 /* Build configuration list for PBXNativeTarget "Today" */;
			buildPhases = (
				877A569522DCE49C00396936 /* Sources */,
				877A569622DCE49C00396936 /* Frameworks */,
				877A569722DCE49C00396936 /* Resources */,
			);
			buildRules = (
			);
			dependencies = (
			);
			name = Today;
			productName = Today;
			productReference = 877A569922DCE49C00396936 /* Today.appex */;
			productType = "com.apple.product-type.app-extension";
		};
/* End PBXNativeTarget section */

/* Begin PBXProject section */
		877A566222DCE35F00396936 /* Project object */ = {
			isa = PBXProject;
			attributes = {
				LastSwiftUpdateCheck = 1020;
				LastUpgradeCheck = 1020;
				ORGANIZATIONNAME = GMWorkStudio;
				TargetAttributes = {
					877A566922DCE35F00396936 = {
						CreatedOnToolsVersion = 10.2.1;
					};
					877A569822DCE49C00396936 = {
						CreatedOnToolsVersion = 10.2.1;
					};
				};
			};
			buildConfigurationList = 877A566522DCE35F00396936 /* Build configuration list for PBXProject "AppearancesSwitcher" */;
			compatibilityVersion = "Xcode 9.3";
			developmentRegion = en;
			hasScannedForEncodings = 0;
			knownRegions = (
				en,
				Base,
			);
			mainGroup = 877A566122DCE35F00396936;
			productRefGroup = 877A566B22DCE35F00396936 /* Products */;
			projectDirPath = "";
			projectRoot = "";
			targets = (
				877A566922DCE35F00396936 /* AppearancesSwitcher */,
				877A569822DCE49C00396936 /* Today */,
			);
		};
/* End PBXProject section */

/* Begin PBXResourcesBuildPhase section */
		877A566822DCE35F00396936 /* Resources */ = {
			isa = PBXResourcesBuildPhase;
			buildActionMask = 2147483647;
			files = (
				877A567022DCE36100396936 /* Assets.xcassets in Resources */,
			);
			runOnlyForDeploymentPostprocessing = 0;
		};
		877A569722DCE49C00396936 /* Resources */ = {
			isa = PBXResourcesBuildPhase;
			buildActionMask = 2147483647;
			files = (
				877A56A622DCE49C00396936 /* InfoPlist.strings in Resources */,
			);
			runOnlyForDeploymentPostprocessing = 0;
		};
/* End PBXResourcesBuildPhase section */

/* Begin PBXSourcesBuildPhase section */
		877A566622DCE35F00396936 /* Sources */ = {
			isa = PBXSourcesBuildPhase;
			buildActionMask = 2147483647;
			files = (
				877A567D22DCE39100396936 /* ViewController.swift in Sources */,
				877A566E22DCE35F00396936 /* AppDelegate.swift in Sources */,
				877A567E22DCE39100396936 /* main.swift in Sources */,
			);
			runOnlyForDeploymentPostprocessing = 0;
		};
		877A569522DCE49C00396936 /* Sources */ = {
			isa = PBXSourcesBuildPhase;
			buildActionMask = 2147483647;
			files = (
				877A569F22DCE49C00396936 /* TodayViewController.swift in Sources */,
				87BA644D22DDA710003A3282 /* NSViewExtension.swift in Sources */,
				87BA644F22DDC515003A3282 /* NSImageExtension.swift in Sources */,
			);
			runOnlyForDeploymentPostprocessing = 0;
		};
/* End PBXSourcesBuildPhase section */

/* Begin PBXTargetDependency section */
		877A56A922DCE49C00396936 /* PBXTargetDependency */ = {
			isa = PBXTargetDependency;
			target = 877A569822DCE49C00396936 /* Today */;
			targetProxy = 877A56A822DCE49C00396936 /* PBXContainerItemProxy */;
		};
/* End PBXTargetDependency section */

/* Begin PBXVariantGroup section */
		877A56A422DCE49C00396936 /* InfoPlist.strings */ = {
			isa = PBXVariantGroup;
			children = (
				877A56A522DCE49C00396936 /* en */,
			);
			name = InfoPlist.strings;
			sourceTree = "<group>";
		};
/* End PBXVariantGroup section */

/* Begin XCBuildConfiguration section */
		877A567622DCE36100396936 /* Debug */ = {
			isa = XCBuildConfiguration;
			buildSettings = {
				ALWAYS_SEARCH_USER_PATHS = NO;
				CLANG_ANALYZER_NONNULL = YES;
				CLANG_ANALYZER_NUMBER_OBJECT_CONVERSION = YES_AGGRESSIVE;
				CLANG_CXX_LANGUAGE_STANDARD = "gnu++14";
				CLANG_CXX_LIBRARY = "libc++";
				CLANG_ENABLE_MODULES = YES;
				CLANG_ENABLE_OBJC_ARC = YES;
				CLANG_ENABLE_OBJC_WEAK = YES;
				CLANG_WARN_BLOCK_CAPTURE_AUTORELEASING = YES;
				CLANG_WARN_BOOL_CONVERSION = YES;
				CLANG_WARN_COMMA = YES;
				CLANG_WARN_CONSTANT_CONVERSION = YES;
				CLANG_WARN_DEPRECATED_OBJC_IMPLEMENTATIONS = YES;
				CLANG_WARN_DIRECT_OBJC_ISA_USAGE = YES_ERROR;
				CLANG_WARN_DOCUMENTATION_COMMENTS = YES;
				CLANG_WARN_EMPTY_BODY = YES;
				CLANG_WARN_ENUM_CONVERSION = YES;
				CLANG_WARN_INFINITE_RECURSION = YES;
				CLANG_WARN_INT_CONVERSION = YES;
				CLANG_WARN_NON_LITERAL_NULL_CONVERSION = YES;
				CLANG_WARN_OBJC_IMPLICIT_RETAIN_SELF = YES;
				CLANG_WARN_OBJC_LITERAL_CONVERSION = YES;
				CLANG_WARN_OBJC_ROOT_CLASS = YES_ERROR;
				CLANG_WARN_RANGE_LOOP_ANALYSIS = YES;
				CLANG_WARN_STRICT_PROTOTYPES = YES;
				CLANG_WARN_SUSPICIOUS_MOVE = YES;
				CLANG_WARN_UNGUARDED_AVAILABILITY = YES_AGGRESSIVE;
				CLANG_WARN_UNREACHABLE_CODE = YES;
				CLANG_WARN__DUPLICATE_METHOD_MATCH = YES;
				CODE_SIGN_IDENTITY = "Mac Developer";
				COPY_PHASE_STRIP = NO;
				DEBUG_INFORMATION_FORMAT = dwarf;
				ENABLE_STRICT_OBJC_MSGSEND = YES;
				ENABLE_TESTABILITY = YES;
				GCC_C_LANGUAGE_STANDARD = gnu11;
				GCC_DYNAMIC_NO_PIC = NO;
				GCC_NO_COMMON_BLOCKS = YES;
				GCC_OPTIMIZATION_LEVEL = 0;
				GCC_PREPROCESSOR_DEFINITIONS = (
					"DEBUG=1",
					"$(inherited)",
				);
				GCC_WARN_64_TO_32_BIT_CONVERSION = YES;
				GCC_WARN_ABOUT_RETURN_TYPE = YES_ERROR;
				GCC_WARN_UNDECLARED_SELECTOR = YES;
				GCC_WARN_UNINITIALIZED_AUTOS = YES_AGGRESSIVE;
				GCC_WARN_UNUSED_FUNCTION = YES;
				GCC_WARN_UNUSED_VARIABLE = YES;
				MACOSX_DEPLOYMENT_TARGET = 10.15;
				MTL_ENABLE_DEBUG_INFO = INCLUDE_SOURCE;
				MTL_FAST_MATH = YES;
				ONLY_ACTIVE_ARCH = YES;
				SDKROOT = macosx;
				SWIFT_ACTIVE_COMPILATION_CONDITIONS = DEBUG;
				SWIFT_OPTIMIZATION_LEVEL = "-Onone";
			};
			name = Debug;
		};
		877A567722DCE36100396936 /* Release */ = {
			isa = XCBuildConfiguration;
			buildSettings = {
				ALWAYS_SEARCH_USER_PATHS = NO;
				CLANG_ANALYZER_NONNULL = YES;
				CLANG_ANALYZER_NUMBER_OBJECT_CONVERSION = YES_AGGRESSIVE;
				CLANG_CXX_LANGUAGE_STANDARD = "gnu++14";
				CLANG_CXX_LIBRARY = "libc++";
				CLANG_ENABLE_MODULES = YES;
				CLANG_ENABLE_OBJC_ARC = YES;
				CLANG_ENABLE_OBJC_WEAK = YES;
				CLANG_WARN_BLOCK_CAPTURE_AUTORELEASING = YES;
				CLANG_WARN_BOOL_CONVERSION = YES;
				CLANG_WARN_COMMA = YES;
				CLANG_WARN_CONSTANT_CONVERSION = YES;
				CLANG_WARN_DEPRECATED_OBJC_IMPLEMENTATIONS = YES;
				CLANG_WARN_DIRECT_OBJC_ISA_USAGE = YES_ERROR;
				CLANG_WARN_DOCUMENTATION_COMMENTS = YES;
				CLANG_WARN_EMPTY_BODY = YES;
				CLANG_WARN_ENUM_CONVERSION = YES;
				CLANG_WARN_INFINITE_RECURSION = YES;
				CLANG_WARN_INT_CONVERSION = YES;
				CLANG_WARN_NON_LITERAL_NULL_CONVERSION = YES;
				CLANG_WARN_OBJC_IMPLICIT_RETAIN_SELF = YES;
				CLANG_WARN_OBJC_LITERAL_CONVERSION = YES;
				CLANG_WARN_OBJC_ROOT_CLASS = YES_ERROR;
				CLANG_WARN_RANGE_LOOP_ANALYSIS = YES;
				CLANG_WARN_STRICT_PROTOTYPES = YES;
				CLANG_WARN_SUSPICIOUS_MOVE = YES;
				CLANG_WARN_UNGUARDED_AVAILABILITY = YES_AGGRESSIVE;
				CLANG_WARN_UNREACHABLE_CODE = YES;
				CLANG_WARN__DUPLICATE_METHOD_MATCH = YES;
				CODE_SIGN_IDENTITY = "Mac Developer";
				COPY_PHASE_STRIP = NO;
				DEBUG_INFORMATION_FORMAT = "dwarf-with-dsym";
				ENABLE_NS_ASSERTIONS = NO;
				ENABLE_STRICT_OBJC_MSGSEND = YES;
				GCC_C_LANGUAGE_STANDARD = gnu11;
				GCC_NO_COMMON_BLOCKS = YES;
				GCC_WARN_64_TO_32_BIT_CONVERSION = YES;
				GCC_WARN_ABOUT_RETURN_TYPE = YES_ERROR;
				GCC_WARN_UNDECLARED_SELECTOR = YES;
				GCC_WARN_UNINITIALIZED_AUTOS = YES_AGGRESSIVE;
				GCC_WARN_UNUSED_FUNCTION = YES;
				GCC_WARN_UNUSED_VARIABLE = YES;
				MACOSX_DEPLOYMENT_TARGET = 10.15;
				MTL_ENABLE_DEBUG_INFO = NO;
				MTL_FAST_MATH = YES;
				SDKROOT = macosx;
				SWIFT_COMPILATION_MODE = wholemodule;
				SWIFT_OPTIMIZATION_LEVEL = "-O";
			};
			name = Release;
		};
		877A567922DCE36100396936 /* Debug */ = {
			isa = XCBuildConfiguration;
			buildSettings = {
				ALWAYS_EMBED_SWIFT_STANDARD_LIBRARIES = YES;
				ASSETCATALOG_COMPILER_APPICON_NAME = AppIcon;
				CODE_SIGN_ENTITLEMENTS = AppearancesSwitcher/AppearancesSwitcher.entitlements;
				CODE_SIGN_STYLE = Automatic;
				COMBINE_HIDPI_IMAGES = YES;
				DEVELOPMENT_TEAM = 53QLTPPT52;
				INFOPLIST_FILE = AppearancesSwitcher/Info.plist;
				LD_RUNPATH_SEARCH_PATHS = (
					"$(inherited)",
					"@executable_path/../Frameworks",
				);
				MACOSX_DEPLOYMENT_TARGET = 10.14;
				PRODUCT_BUNDLE_IDENTIFIER = com.corehell.AppearancesSwitcher;
				PRODUCT_NAME = "$(TARGET_NAME)";
				SWIFT_OBJC_BRIDGING_HEADER = "";
				SWIFT_VERSION = 5.0;
				SYSTEM_FRAMEWORK_SEARCH_PATHS = (
					"$(inherited)",
					"$(SYSTEM_LIBRARY_DIR)/PrivateFrameworks",
				);
			};
			name = Debug;
		};
		877A567A22DCE36100396936 /* Release */ = {
			isa = XCBuildConfiguration;
			buildSettings = {
				ALWAYS_EMBED_SWIFT_STANDARD_LIBRARIES = YES;
				ASSETCATALOG_COMPILER_APPICON_NAME = AppIcon;
				CODE_SIGN_ENTITLEMENTS = AppearancesSwitcher/AppearancesSwitcher.entitlements;
				CODE_SIGN_STYLE = Automatic;
				COMBINE_HIDPI_IMAGES = YES;
				DEVELOPMENT_TEAM = 53QLTPPT52;
				INFOPLIST_FILE = AppearancesSwitcher/Info.plist;
				LD_RUNPATH_SEARCH_PATHS = (
					"$(inherited)",
					"@executable_path/../Frameworks",
				);
				MACOSX_DEPLOYMENT_TARGET = 10.14;
				PRODUCT_BUNDLE_IDENTIFIER = com.corehell.AppearancesSwitcher;
				PRODUCT_NAME = "$(TARGET_NAME)";
				SWIFT_OBJC_BRIDGING_HEADER = "";
				SWIFT_VERSION = 5.0;
				SYSTEM_FRAMEWORK_SEARCH_PATHS = (
					"$(inherited)",
					"$(SYSTEM_LIBRARY_DIR)/PrivateFrameworks",
				);
			};
			name = Release;
		};
		877A56AC22DCE49C00396936 /* Debug */ = {
			isa = XCBuildConfiguration;
			buildSettings = {
				CODE_SIGN_ENTITLEMENTS = Today/Today.entitlements;
				CODE_SIGN_STYLE = Automatic;
				COMBINE_HIDPI_IMAGES = YES;
				DEVELOPMENT_TEAM = 53QLTPPT52;
				INFOPLIST_FILE = Today/Info.plist;
				LD_RUNPATH_SEARCH_PATHS = (
					"$(inherited)",
					"@executable_path/../Frameworks",
					"@executable_path/../../../../Frameworks",
				);
				MACOSX_DEPLOYMENT_TARGET = 10.14;
				PRODUCT_BUNDLE_IDENTIFIER = com.corehell.AppearancesSwitcher.Today;
				PRODUCT_NAME = "$(TARGET_NAME)";
				SKIP_INSTALL = YES;
				SWIFT_OBJC_BRIDGING_HEADER = "Today/Today-Bridging-Header.h";
				SWIFT_VERSION = 5.0;
				SYSTEM_FRAMEWORK_SEARCH_PATHS = (
					"$(inherited)",
					"$(SYSTEM_LIBRARY_DIR)/PrivateFrameworks",
				);
			};
			name = Debug;
		};
		877A56AD22DCE49C00396936 /* Release */ = {
			isa = XCBuildConfiguration;
			buildSettings = {
				CODE_SIGN_ENTITLEMENTS = Today/Today.entitlements;
				CODE_SIGN_STYLE = Automatic;
				COMBINE_HIDPI_IMAGES = YES;
				DEVELOPMENT_TEAM = 53QLTPPT52;
				INFOPLIST_FILE = Today/Info.plist;
				LD_RUNPATH_SEARCH_PATHS = (
					"$(inherited)",
					"@executable_path/../Frameworks",
					"@executable_path/../../../../Frameworks",
				);
				MACOSX_DEPLOYMENT_TARGET = 10.14;
				PRODUCT_BUNDLE_IDENTIFIER = com.corehell.AppearancesSwitcher.Today;
				PRODUCT_NAME = "$(TARGET_NAME)";
				SKIP_INSTALL = YES;
				SWIFT_OBJC_BRIDGING_HEADER = "Today/Today-Bridging-Header.h";
				SWIFT_VERSION = 5.0;
				SYSTEM_FRAMEWORK_SEARCH_PATHS = (
					"$(inherited)",
					"$(SYSTEM_LIBRARY_DIR)/PrivateFrameworks",
				);
			};
			name = Release;
		};
/* End XCBuildConfiguration section */

/* Begin XCConfigurationList section */
		877A566522DCE35F00396936 /* Build configuration list for PBXProject "AppearancesSwitcher" */ = {
			isa = XCConfigurationList;
			buildConfigurations = (
				877A567622DCE36100396936 /* Debug */,
				877A567722DCE36100396936 /* Release */,
			);
			defaultConfigurationIsVisible = 0;
			defaultConfigurationName = Release;
		};
		877A567822DCE36100396936 /* Build configuration list for PBXNativeTarget "AppearancesSwitcher" */ = {
			isa = XCConfigurationList;
			buildConfigurations = (
				877A567922DCE36100396936 /* Debug */,
				877A567A22DCE36100396936 /* Release */,
			);
			defaultConfigurationIsVisible = 0;
			defaultConfigurationName = Release;
		};
		877A56AB22DCE49C00396936 /* Build configuration list for PBXNativeTarget "Today" */ = {
			isa = XCConfigurationList;
			buildConfigurations = (
				877A56AC22DCE49C00396936 /* Debug */,
				877A56AD22DCE49C00396936 /* Release */,
			);
			defaultConfigurationIsVisible = 0;
			defaultConfigurationName = Release;
		};
/* End XCConfigurationList section */
	};
	rootObject = 877A566222DCE35F00396936 /* Project object */;
}
